
Microsoft Visual Studio Solution File, Format Version 12.00
# Visual Studio Version 16
VisualStudioVersion = 16.0.30104.148
MinimumVisualStudioVersion = 10.0.40219.1
Project("{8BC9CEB8-8B4A-11D0-8D11-00A0C91BC942}") = "AeroHockey", "AeroHockey\AeroHockey.vcxproj", "{BFB34B2E-5A82-42EE-9421-233E16C9CB36}"
EndProject
Global
	GlobalSection(SolutionConfigurationPlatforms) = preSolution
		Debug|x64 = Debug|x64
		Debug|x86 = Debug|x86
		Release|x64 = Release|x64
		Release|x86 = Release|x86
	EndGlobalSection
	GlobalSection(ProjectConfigurationPlatforms) = postSolution
		{BFB34B2E-5A82-42EE-9421-233E16C9CB36}.Debug|x64.ActiveCfg = Debug|x64
		{BFB34B2E-5A82-42EE-9421-233E16C9CB36}.Debug|x64.Build.0 = Debug|x64
		{BFB34B2E-5A82-42EE-9421-233E16C9CB36}.Debug|x86.ActiveCfg = Debug|Win32
		{BFB34B2E-5A82-42EE-9421-233E16C9CB36}.Debug|x86.Build.0 = Debug|Win32
		{BFB34B2E-5A82-42EE-9421-233E16C9CB36}.Release|x64.ActiveCfg = Release|x64
		{BFB34B2E-5A82-42EE-9421-233E16C9CB36}.Release|x64.Build.0 = Release|x64
		{BFB34B2E-5A82-42EE-9421-233E16C9CB36}.Release|x86.ActiveCfg = Release|Win32
		{BFB34B2E-5A82-42EE-9421-233E16C9CB36}.Release|x86.Build.0 = Release|Win32
	EndGlobalSection
	GlobalSection(SolutionProperties) = preSolution
		HideSolutionNode = FALSE
	EndGlobalSection
	GlobalSection(ExtensibilityGlobals) = postSolution
		SolutionGuid = {6E9A7E8D-7AC0-453F-B129-17C26154A4AB}
	EndGlobalSection
EndGlobal
